// !$*UTF8*$!
{
	archiveVersion = 1;
	classes = {
	};
	objectVersion = 46;
	objects = {

/* Begin PBXBuildFile section */
		362F00631E24F823000611E7 /* AppDelegate.swift in Sources */ = {isa = PBXBuildFile; fileRef = 362F00621E24F823000611E7 /* AppDelegate.swift */; };
		362F00651E24F823000611E7 /* ViewController.swift in Sources */ = {isa = PBXBuildFile; fileRef = 362F00641E24F823000611E7 /* ViewController.swift */; };
		362F00681E24F823000611E7 /* Main.storyboard in Resources */ = {isa = PBXBuildFile; fileRef = 362F00661E24F823000611E7 /* Main.storyboard */; };
		362F006A1E24F823000611E7 /* Assets.xcassets in Resources */ = {isa = PBXBuildFile; fileRef = 362F00691E24F823000611E7 /* Assets.xcassets */; };
		362F006D1E24F823000611E7 /* LaunchScreen.storyboard in Resources */ = {isa = PBXBuildFile; fileRef = 362F006B1E24F823000611E7 /* LaunchScreen.storyboard */; };
/* End PBXBuildFile section */

/* Begin PBXFileReference section */
		362F005F1E24F823000611E7 /* Raees.app */ = {isa = PBXFileReference; explicitFileType = wrapper.application; includeInIndex = 0; path = Raees.app; sourceTree = BUILT_PRODUCTS_DIR; };
		362F00621E24F823000611E7 /* AppDelegate.swift */ = {isa = PBXFileReference; lastKnownFileType = sourcecode.swift; path = AppDelegate.swift; sourceTree = "<group>"; };
		362F00641E24F823000611E7 /* ViewController.swift */ = {isa = PBXFileReference; lastKnownFileType = sourcecode.swift; path = ViewController.swift; sourceTree = "<group>"; };
		362F00671E24F823000611E7 /* Base */ = {isa = PBXFileReference; lastKnownFileType = file.storyboard; name = Base; path = Base.lproj/Main.storyboard; sourceTree = "<group>"; };
		362F00691E24F823000611E7 /* Assets.xcassets */ = {isa = PBXFileReference; lastKnownFileType = folder.assetcatalog; path = Assets.xcassets; sourceTree = "<group>"; };
		362F006C1E24F823000611E7 /* Base */ = {isa = PBXFileReference; lastKnownFileType = file.storyboard; name = Base; path = Base.lproj/LaunchScreen.storyboard; sourceTree = "<group>"; };
		362F006E1E24F823000611E7 /* Info.plist */ = {isa = PBXFileReference; lastKnownFileType = text.plist.xml; path = Info.plist; sourceTree = "<group>"; };
/* End PBXFileReference section */

/* Begin PBXFrameworksBuildPhase section */
		362F005C1E24F823000611E7 /* Frameworks */ = {
			isa = PBXFrameworksBuildPhase;
			buildActionMask = 2147483647;
			files = (
			);
			runOnlyForDeploymentPostprocessing = 0;
		};
/* End PBXFrameworksBuildPhase section */

/* Begin PBXGroup section */
		362F00561E24F823000611E7 = {
			isa = PBXGroup;
			children = (
				362F00611E24F823000611E7 /* Raees */,
				362F00601E24F823000611E7 /* Products */,
			);
			sourceTree = "<group>";
		};
		362F00601E24F823000611E7 /* Products */ = {
			isa = PBXGroup;
			children = (
				362F005F1E24F823000611E7 /* Raees.app */,
			);
			name = Products;
			sourceTree = "<group>";
		};
		362F00611E24F823000611E7 /* Raees */ = {
			isa = PBXGroup;
			children = (
				362F00621E24F823000611E7 /* AppDelegate.swift */,
				362F00641E24F823000611E7 /* ViewController.swift */,
				362F00661E24F823000611E7 /* Main.storyboard */,
				362F00691E24F823000611E7 /* Assets.xcassets */,
				362F006B1E24F823000611E7 /* LaunchScreen.storyboard */,
				362F006E1E24F823000611E7 /* Info.plist */,
			);
			path = Raees;
			sourceTree = "<group>";
		};
/* End PBXGroup section */

/* Begin PBXNativeTarget section */
		362F005E1E24F823000611E7 /* Raees */ = {
			isa = PBXNativeTarget;
			buildConfigurationList = 362F00711E24F823000611E7 /* Build configuration list for PBXNativeTarget "Raees" */;
			buildPhases = (
				362F005B1E24F823000611E7 /* Sources */,
				362F005C1E24F823000611E7 /* Frameworks */,
				362F005D1E24F823000611E7 /* Resources */,
			);
			buildRules = (
			);
			dependencies = (
			);
			name = Raees;
			productName = Raees;
			productReference = 362F005F1E24F823000611E7 /* Raees.app */;
			productType = "com.apple.product-type.application";
		};
/* End PBXNativeTarget section */

/* Begin PBXProject section */
		362F00571E24F823000611E7 /* Project object */ = {
			isa = PBXProject;
			attributes = {
				LastSwiftUpdateCheck = 0820;
				LastUpgradeCheck = 0820;
				ORGANIZATIONNAME = "Syed Askari";
				TargetAttributes = {
					362F005E1E24F823000611E7 = {
						CreatedOnToolsVersion = 8.2.1;
						DevelopmentTeam = Y674B9FK8P;
						ProvisioningStyle = Automatic;
					};
				};
			};
			buildConfigurationList = 362F005A1E24F823000611E7 /* Build configuration list for PBXProject "Raees" */;
			compatibilityVersion = "Xcode 3.2";
			developmentRegion = English;
			hasScannedForEncodings = 0;
			knownRegions = (
				en,
				Base,
			);
			mainGroup = 362F00561E24F823000611E7;
			productRefGroup = 362F00601E24F823000611E7 /* Products */;
			projectDirPath = "";
			projectRoot = "";
			targets = (
				362F005E1E24F823000611E7 /* Raees */,
			);
		};
/* End PBXProject section */

/* Begin PBXResourcesBuildPhase section */
		362F005D1E24F823000611E7 /* Resources */ = {
			isa = PBXResourcesBuildPhase;
			buildActionMask = 2147483647;
			files = (
				362F006D1E24F823000611E7 /* LaunchScreen.storyboard in Resources */,
				362F006A1E24F823000611E7 /* Assets.xcassets in Resources */,
				362F00681E24F823000611E7 /* Main.storyboard in Resources */,
			);
			runOnlyForDeploymentPostprocessing = 0;
		};
/* End PBXResourcesBuildPhase section */

/* Begin PBXSourcesBuildPhase section */
		362F005B1E24F823000611E7 /* Sources */ = {
			isa = PBXSourcesBuildPhase;
			buildActionMask = 2147483647;
			files = (
				362F00651E24F823000611E7 /* ViewController.swift in Sources */,
				362F00631E24F823000611E7 /* AppDelegate.swift in Sources */,
			);
			runOnlyForDeploymentPostprocessing = 0;
		};
/* End PBXSourcesBuildPhase section */

/* Begin PBXVariantGroup section */
		362F00661E24F823000611E7 /* Main.storyboard */ = {
			isa = PBXVariantGroup;
			children = (
				362F00671E24F823000611E7 /* Base */,
			);
			name = Main.storyboard;
			sourceTree = "<group>";
		};
		362F006B1E24F823000611E7 /* LaunchScreen.storyboard */ = {
			isa = PBXVariantGroup;
			children = (
				362F006C1E24F823000611E7 /* Base */,
			);
			name = LaunchScreen.storyboard;
			sourceTree = "<group>";
		};
/* End PBXVariantGroup section */

/* Begin XCBuildConfiguration section */
		362F006F1E24F823000611E7 /* Debug */ = {
			isa = XCBuildConfiguration;
			buildSettings = {
				ALWAYS_SEARCH_USER_PATHS = NO;
				CLANG_ANALYZER_NONNULL = YES;
				CLANG_CXX_LANGUAGE_STANDARD = "gnu++0x";
				CLANG_CXX_LIBRARY = "libc++";
				CLANG_ENABLE_MODULES = YES;
				CLANG_ENABLE_OBJC_ARC = YES;
				CLANG_WARN_BOOL_CONVERSION = YES;
				CLANG_WARN_CONSTANT_CONVERSION = YES;
				CLANG_WARN_DIRECT_OBJC_ISA_USAGE = YES_ERROR;
				CLANG_WARN_DOCUMENTATION_COMMENTS = YES;
				CLANG_WARN_EMPTY_BODY = YES;
				CLANG_WARN_ENUM_CONVERSION = YES;
				CLANG_WARN_INFINITE_RECURSION = YES;
				CLANG_WARN_INT_CONVERSION = YES;
				CLANG_WARN_OBJC_ROOT_CLASS = YES_ERROR;
				CLANG_WARN_SUSPICIOUS_MOVE = YES;
				CLANG_WARN_UNREACHABLE_CODE = YES;
				CLANG_WARN__DUPLICATE_METHOD_MATCH = YES;
				"CODE_SIGN_IDENTITY[sdk=iphoneos*]" = "iPhone Developer";
				COPY_PHASE_STRIP = NO;
				DEBUG_INFORMATION_FORMAT = dwarf;
				ENABLE_STRICT_OBJC_MSGSEND = YES;
				ENABLE_TESTABILITY = YES;
				GCC_C_LANGUAGE_STANDARD = gnu99;
				GCC_DYNAMIC_NO_PIC = NO;
				GCC_NO_COMMON_BLOCKS = YES;
				GCC_OPTIMIZATION_LEVEL = 0;
				GCC_PREPROCESSOR_DEFINITIONS = (
					"DEBUG=1",
					"$(inherited)",
				);
				GCC_WARN_64_TO_32_BIT_CONVERSION = YES;
				GCC_WARN_ABOUT_RETURN_TYPE = YES_ERROR;
				GCC_WARN_UNDECLARED_SELECTOR = YES;
				GCC_WARN_UNINITIALIZED_AUTOS = YES_AGGRESSIVE;
				GCC_WARN_UNUSED_FUNCTION = YES;
				GCC_WARN_UNUSED_VARIABLE = YES;
				IPHONEOS_DEPLOYMENT_TARGET = 10.2;
				MTL_ENABLE_DEBUG_INFO = YES;
				ONLY_ACTIVE_ARCH = YES;
				SDKROOT = iphoneos;
				SWIFT_ACTIVE_COMPILATION_CONDITIONS = DEBUG;
				SWIFT_OPTIMIZATION_LEVEL = "-Onone";
				TARGETED_DEVICE_FAMILY = "1,2";
			};
			name = Debug;
		};
		362F00701E24F823000611E7 /* Release */ = {
			isa = XCBuildConfiguration;
			buildSettings = {
				ALWAYS_SEARCH_USER_PATHS = NO;
				CLANG_ANALYZER_NONNULL = YES;
				CLANG_CXX_LANGUAGE_STANDARD = "gnu++0x";
				CLANG_CXX_LIBRARY = "libc++";
				CLANG_ENABLE_MODULES = YES;
				CLANG_ENABLE_OBJC_ARC = YES;
				CLANG_WARN_BOOL_CONVERSION = YES;
				CLANG_WARN_CONSTANT_CONVERSION = YES;
				CLANG_WARN_DIRECT_OBJC_ISA_USAGE = YES_ERROR;
				CLANG_WARN_DOCUMENTATION_COMMENTS = YES;
				CLANG_WARN_EMPTY_BODY = YES;
				CLANG_WARN_ENUM_CONVERSION = YES;
				CLANG_WARN_INFINITE_RECURSION = YES;
				CLANG_WARN_INT_CONVERSION = YES;
				CLANG_WARN_OBJC_ROOT_CLASS = YES_ERROR;
				CLANG_WARN_SUSPICIOUS_MOVE = YES;
				CLANG_WARN_UNREACHABLE_CODE = YES;
				CLANG_WARN__DUPLICATE_METHOD_MATCH = YES;
				"CODE_SIGN_IDENTITY[sdk=iphoneos*]" = "iPhone Developer";
				COPY_PHASE_STRIP = NO;
				DEBUG_INFORMATION_FORMAT = "dwarf-with-dsym";
				ENABLE_NS_ASSERTIONS = NO;
				ENABLE_STRICT_OBJC_MSGSEND = YES;
				GCC_C_LANGUAGE_STANDARD = gnu99;
				GCC_NO_COMMON_BLOCKS = YES;
				GCC_WARN_64_TO_32_BIT_CONVERSION = YES;
				GCC_WARN_ABOUT_RETURN_TYPE = YES_ERROR;
				GCC_WARN_UNDECLARED_SELECTOR = YES;
				GCC_WARN_UNINITIALIZED_AUTOS = YES_AGGRESSIVE;
				GCC_WARN_UNUSED_FUNCTION = YES;
				GCC_WARN_UNUSED_VARIABLE = YES;
				IPHONEOS_DEPLOYMENT_TARGET = 10.2;
				MTL_ENABLE_DEBUG_INFO = NO;
				SDKROOT = iphoneos;
				SWIFT_OPTIMIZATION_LEVEL = "-Owholemodule";
				TARGETED_DEVICE_FAMILY = "1,2";
				VALIDATE_PRODUCT = YES;
			};
			name = Release;
		};
		362F00721E24F823000611E7 /* Debug */ = {
			isa = XCBuildConfiguration;
			buildSettings = {
				ASSETCATALOG_COMPILER_APPICON_NAME = AppIcon;
				DEVELOPMENT_TEAM = Y674B9FK8P;
				INFOPLIST_FILE = Raees/Info.plist;
				LD_RUNPATH_SEARCH_PATHS = "$(inherited) @executable_path/Frameworks";
				PRODUCT_BUNDLE_IDENTIFIER = com.askari01.sps.Raees;
				PRODUCT_NAME = "$(TARGET_NAME)";
				SWIFT_VERSION = 3.0;
			};
			name = Debug;
		};
		362F00731E24F823000611E7 /* Release */ = {
			isa = XCBuildConfiguration;
			buildSettings = {
				ASSETCATALOG_COMPILER_APPICON_NAME = AppIcon;
				DEVELOPMENT_TEAM = Y674B9FK8P;
				INFOPLIST_FILE = Raees/Info.plist;
				LD_RUNPATH_SEARCH_PATHS = "$(inherited) @executable_path/Frameworks";
				PRODUCT_BUNDLE_IDENTIFIER = com.askari01.sps.Raees;
				PRODUCT_NAME = "$(TARGET_NAME)";
				SWIFT_VERSION = 3.0;
			};
			name = Release;
		};
/* End XCBuildConfiguration section */

/* Begin XCConfigurationList section */
		362F005A1E24F823000611E7 /* Build configuration list for PBXProject "Raees" */ = {
			isa = XCConfigurationList;
			buildConfigurations = (
				362F006F1E24F823000611E7 /* Debug */,
				362F00701E24F823000611E7 /* Release */,
			);
			defaultConfigurationIsVisible = 0;
			defaultConfigurationName = Release;
		};
		362F00711E24F823000611E7 /* Build configuration list for PBXNativeTarget "Raees" */ = {
			isa = XCConfigurationList;
			buildConfigurations = (
				362F00721E24F823000611E7 /* Debug */,
				362F00731E24F823000611E7 /* Release */,
			);
			defaultConfigurationIsVisible = 0;
		};
/* End XCConfigurationList section */
	};
	rootObject = 362F00571E24F823000611E7 /* Project object */;
}
