// !$*UTF8*$!
{
	archiveVersion = 1;
	classes = {
	};
	objectVersion = 46;
	objects = {

/* Begin PBXBuildFile section */
		362F00631E24F823000611E7 /* AppDelegate.swift in Sources */ = {isa = PBXBuildFile; fileRef = 362F00621E24F823000611E7 /* AppDelegate.swift */; };
		362F00651E24F823000611E7 /* ViewController.swift in Sources */ = {isa = PBXBuildFile; fileRef = 362F00641E24F823000611E7 /* ViewController.swift */; };
		362F00681E24F823000611E7 /* Main.storyboard in Resources */ = {isa = PBXBuildFile; fileRef = 362F00661E24F823000611E7 /* Main.storyboard */; };
		362F006A1E24F823000611E7 /* Assets.xcassets in Resources */ = {isa = PBXBuildFile; fileRef = 362F00691E24F823000611E7 /* Assets.xcassets */; };
		362F006D1E24F823000611E7 /* LaunchScreen.storyboard in Resources */ = {isa = PBXBuildFile; fileRef = 362F006B1E24F823000611E7 /* LaunchScreen.storyboard */; };
		362F00761E24F920000611E7 /* WikitudeNativeSDK.framework in Frameworks */ = {isa = PBXBuildFile; fileRef = 362F00751E24F920000611E7 /* WikitudeNativeSDK.framework */; };
		362F00781E24F93E000611E7 /* Accelerate.framework in Frameworks */ = {isa = PBXBuildFile; fileRef = 362F00771E24F93E000611E7 /* Accelerate.framework */; };
		362F007A1E24F949000611E7 /* AssetsLibrary.framework in Frameworks */ = {isa = PBXBuildFile; fileRef = 362F00791E24F949000611E7 /* AssetsLibrary.framework */; };
		362F007C1E24F954000611E7 /* AVFoundation.framework in Frameworks */ = {isa = PBXBuildFile; fileRef = 362F007B1E24F954000611E7 /* AVFoundation.framework */; };
		362F007E1E24F95F000611E7 /* CFNetwork.framework in Frameworks */ = {isa = PBXBuildFile; fileRef = 362F007D1E24F95F000611E7 /* CFNetwork.framework */; };
		362F00801E24F96B000611E7 /* CoreGraphics.framework in Frameworks */ = {isa = PBXBuildFile; fileRef = 362F007F1E24F96B000611E7 /* CoreGraphics.framework */; };
		362F00821E24F975000611E7 /* CoreLocation.framework in Frameworks */ = {isa = PBXBuildFile; fileRef = 362F00811E24F975000611E7 /* CoreLocation.framework */; };
		362F00841E24F981000611E7 /* CoreMedia.framework in Frameworks */ = {isa = PBXBuildFile; fileRef = 362F00831E24F981000611E7 /* CoreMedia.framework */; };
		362F00861E24F994000611E7 /* CoreMotion.framework in Frameworks */ = {isa = PBXBuildFile; fileRef = 362F00851E24F994000611E7 /* CoreMotion.framework */; };
		362F00881E24F9A2000611E7 /* CoreVideo.framework in Frameworks */ = {isa = PBXBuildFile; fileRef = 362F00871E24F9A2000611E7 /* CoreVideo.framework */; };
		362F008A1E24F9AA000611E7 /* JavaScriptCore.framework in Frameworks */ = {isa = PBXBuildFile; fileRef = 362F00891E24F9AA000611E7 /* JavaScriptCore.framework */; };
		362F008C1E24F9B5000611E7 /* Foundation.framework in Frameworks */ = {isa = PBXBuildFile; fileRef = 362F008B1E24F9B5000611E7 /* Foundation.framework */; };
		362F008E1E24F9C0000611E7 /* MediaPlayer.framework in Frameworks */ = {isa = PBXBuildFile; fileRef = 362F008D1E24F9C0000611E7 /* MediaPlayer.framework */; };
		362F00901E24F9CC000611E7 /* OpenGLES.framework in Frameworks */ = {isa = PBXBuildFile; fileRef = 362F008F1E24F9CC000611E7 /* OpenGLES.framework */; };
		362F00921E24F9D6000611E7 /* QuartzCore.framework in Frameworks */ = {isa = PBXBuildFile; fileRef = 362F00911E24F9D6000611E7 /* QuartzCore.framework */; };
		362F00941E24F9E2000611E7 /* Security.framework in Frameworks */ = {isa = PBXBuildFile; fileRef = 362F00931E24F9E2000611E7 /* Security.framework */; };
		362F00961E24F9EC000611E7 /* SystemConfiguration.framework in Frameworks */ = {isa = PBXBuildFile; fileRef = 362F00951E24F9EC000611E7 /* SystemConfiguration.framework */; };
		362F00981E24F9F6000611E7 /* UIKit.framework in Frameworks */ = {isa = PBXBuildFile; fileRef = 362F00971E24F9F6000611E7 /* UIKit.framework */; };
		362F009A1E24FA12000611E7 /* libc++.tbd in Frameworks */ = {isa = PBXBuildFile; fileRef = 362F00991E24FA12000611E7 /* libc++.tbd */; };
		362F009C1E24FA1E000611E7 /* libz.tbd in Frameworks */ = {isa = PBXBuildFile; fileRef = 362F009B1E24FA1E000611E7 /* libz.tbd */; };
/* End PBXBuildFile section */

/* Begin PBXFileReference section */
		362F005F1E24F823000611E7 /* Raees.app */ = {isa = PBXFileReference; explicitFileType = wrapper.application; includeInIndex = 0; path = Raees.app; sourceTree = BUILT_PRODUCTS_DIR; };
		362F00621E24F823000611E7 /* AppDelegate.swift */ = {isa = PBXFileReference; lastKnownFileType = sourcecode.swift; path = AppDelegate.swift; sourceTree = "<group>"; };
		362F00641E24F823000611E7 /* ViewController.swift */ = {isa = PBXFileReference; lastKnownFileType = sourcecode.swift; path = ViewController.swift; sourceTree = "<group>"; };
		362F00671E24F823000611E7 /* Base */ = {isa = PBXFileReference; lastKnownFileType = file.storyboard; name = Base; path = Base.lproj/Main.storyboard; sourceTree = "<group>"; };
		362F00691E24F823000611E7 /* Assets.xcassets */ = {isa = PBXFileReference; lastKnownFileType = folder.assetcatalog; path = Assets.xcassets; sourceTree = "<group>"; };
		362F006C1E24F823000611E7 /* Base */ = {isa = PBXFileReference; lastKnownFileType = file.storyboard; name = Base; path = Base.lproj/LaunchScreen.storyboard; sourceTree = "<group>"; };
		362F006E1E24F823000611E7 /* Info.plist */ = {isa = PBXFileReference; lastKnownFileType = text.plist.xml; path = Info.plist; sourceTree = "<group>"; };
		362F00751E24F920000611E7 /* WikitudeNativeSDK.framework */ = {isa = PBXFileReference; lastKnownFileType = wrapper.framework; name = WikitudeNativeSDK.framework; path = Raees/Framework/WikitudeNativeSDK.framework; sourceTree = "<group>"; };
		362F00771E24F93E000611E7 /* Accelerate.framework */ = {isa = PBXFileReference; lastKnownFileType = wrapper.framework; name = Accelerate.framework; path = System/Library/Frameworks/Accelerate.framework; sourceTree = SDKROOT; };
		362F00791E24F949000611E7 /* AssetsLibrary.framework */ = {isa = PBXFileReference; lastKnownFileType = wrapper.framework; name = AssetsLibrary.framework; path = System/Library/Frameworks/AssetsLibrary.framework; sourceTree = SDKROOT; };
		362F007B1E24F954000611E7 /* AVFoundation.framework */ = {isa = PBXFileReference; lastKnownFileType = wrapper.framework; name = AVFoundation.framework; path = System/Library/Frameworks/AVFoundation.framework; sourceTree = SDKROOT; };
		362F007D1E24F95F000611E7 /* CFNetwork.framework */ = {isa = PBXFileReference; lastKnownFileType = wrapper.framework; name = CFNetwork.framework; path = System/Library/Frameworks/CFNetwork.framework; sourceTree = SDKROOT; };
		362F007F1E24F96B000611E7 /* CoreGraphics.framework */ = {isa = PBXFileReference; lastKnownFileType = wrapper.framework; name = CoreGraphics.framework; path = System/Library/Frameworks/CoreGraphics.framework; sourceTree = SDKROOT; };
		362F00811E24F975000611E7 /* CoreLocation.framework */ = {isa = PBXFileReference; lastKnownFileType = wrapper.framework; name = CoreLocation.framework; path = System/Library/Frameworks/CoreLocation.framework; sourceTree = SDKROOT; };
		362F00831E24F981000611E7 /* CoreMedia.framework */ = {isa = PBXFileReference; lastKnownFileType = wrapper.framework; name = CoreMedia.framework; path = System/Library/Frameworks/CoreMedia.framework; sourceTree = SDKROOT; };
		362F00851E24F994000611E7 /* CoreMotion.framework */ = {isa = PBXFileReference; lastKnownFileType = wrapper.framework; name = CoreMotion.framework; path = System/Library/Frameworks/CoreMotion.framework; sourceTree = SDKROOT; };
		362F00871E24F9A2000611E7 /* CoreVideo.framework */ = {isa = PBXFileReference; lastKnownFileType = wrapper.framework; name = CoreVideo.framework; path = System/Library/Frameworks/CoreVideo.framework; sourceTree = SDKROOT; };
		362F00891E24F9AA000611E7 /* JavaScriptCore.framework */ = {isa = PBXFileReference; lastKnownFileType = wrapper.framework; name = JavaScriptCore.framework; path = System/Library/Frameworks/JavaScriptCore.framework; sourceTree = SDKROOT; };
		362F008B1E24F9B5000611E7 /* Foundation.framework */ = {isa = PBXFileReference; lastKnownFileType = wrapper.framework; name = Foundation.framework; path = System/Library/Frameworks/Foundation.framework; sourceTree = SDKROOT; };
		362F008D1E24F9C0000611E7 /* MediaPlayer.framework */ = {isa = PBXFileReference; lastKnownFileType = wrapper.framework; name = MediaPlayer.framework; path = System/Library/Frameworks/MediaPlayer.framework; sourceTree = SDKROOT; };
		362F008F1E24F9CC000611E7 /* OpenGLES.framework */ = {isa = PBXFileReference; lastKnownFileType = wrapper.framework; name = OpenGLES.framework; path = System/Library/Frameworks/OpenGLES.framework; sourceTree = SDKROOT; };
		362F00911E24F9D6000611E7 /* QuartzCore.framework */ = {isa = PBXFileReference; lastKnownFileType = wrapper.framework; name = QuartzCore.framework; path = System/Library/Frameworks/QuartzCore.framework; sourceTree = SDKROOT; };
		362F00931E24F9E2000611E7 /* Security.framework */ = {isa = PBXFileReference; lastKnownFileType = wrapper.framework; name = Security.framework; path = System/Library/Frameworks/Security.framework; sourceTree = SDKROOT; };
		362F00951E24F9EC000611E7 /* SystemConfiguration.framework */ = {isa = PBXFileReference; lastKnownFileType = wrapper.framework; name = SystemConfiguration.framework; path = System/Library/Frameworks/SystemConfiguration.framework; sourceTree = SDKROOT; };
		362F00971E24F9F6000611E7 /* UIKit.framework */ = {isa = PBXFileReference; lastKnownFileType = wrapper.framework; name = UIKit.framework; path = System/Library/Frameworks/UIKit.framework; sourceTree = SDKROOT; };
		362F00991E24FA12000611E7 /* libc++.tbd */ = {isa = PBXFileReference; lastKnownFileType = "sourcecode.text-based-dylib-definition"; name = "libc++.tbd"; path = "usr/lib/libc++.tbd"; sourceTree = SDKROOT; };
		362F009B1E24FA1E000611E7 /* libz.tbd */ = {isa = PBXFileReference; lastKnownFileType = "sourcecode.text-based-dylib-definition"; name = libz.tbd; path = usr/lib/libz.tbd; sourceTree = SDKROOT; };
		362F009D1E24FD0F000611E7 /* Header.h */ = {isa = PBXFileReference; lastKnownFileType = sourcecode.c.h; path = Header.h; sourceTree = "<group>"; };
/* End PBXFileReference section */

/* Begin PBXFrameworksBuildPhase section */
		362F005C1E24F823000611E7 /* Frameworks */ = {
			isa = PBXFrameworksBuildPhase;
			buildActionMask = 2147483647;
			files = (
				362F009C1E24FA1E000611E7 /* libz.tbd in Frameworks */,
				362F009A1E24FA12000611E7 /* libc++.tbd in Frameworks */,
				362F00981E24F9F6000611E7 /* UIKit.framework in Frameworks */,
				362F00961E24F9EC000611E7 /* SystemConfiguration.framework in Frameworks */,
				362F00941E24F9E2000611E7 /* Security.framework in Frameworks */,
				362F00921E24F9D6000611E7 /* QuartzCore.framework in Frameworks */,
				362F00901E24F9CC000611E7 /* OpenGLES.framework in Frameworks */,
				362F008E1E24F9C0000611E7 /* MediaPlayer.framework in Frameworks */,
				362F008C1E24F9B5000611E7 /* Foundation.framework in Frameworks */,
				362F008A1E24F9AA000611E7 /* JavaScriptCore.framework in Frameworks */,
				362F00881E24F9A2000611E7 /* CoreVideo.framework in Frameworks */,
				362F00861E24F994000611E7 /* CoreMotion.framework in Frameworks */,
				362F00841E24F981000611E7 /* CoreMedia.framework in Frameworks */,
				362F00821E24F975000611E7 /* CoreLocation.framework in Frameworks */,
				362F00801E24F96B000611E7 /* CoreGraphics.framework in Frameworks */,
				362F007E1E24F95F000611E7 /* CFNetwork.framework in Frameworks */,
				362F007C1E24F954000611E7 /* AVFoundation.framework in Frameworks */,
				362F007A1E24F949000611E7 /* AssetsLibrary.framework in Frameworks */,
				362F00781E24F93E000611E7 /* Accelerate.framework in Frameworks */,
				362F00761E24F920000611E7 /* WikitudeNativeSDK.framework in Frameworks */,
			);
			runOnlyForDeploymentPostprocessing = 0;
		};
/* End PBXFrameworksBuildPhase section */

/* Begin PBXGroup section */
		362F00561E24F823000611E7 = {
			isa = PBXGroup;
			children = (
				362F00611E24F823000611E7 /* Raees */,
				362F00601E24F823000611E7 /* Products */,
				362F00741E24F91F000611E7 /* Frameworks */,
			);
			sourceTree = "<group>";
		};
		362F00601E24F823000611E7 /* Products */ = {
			isa = PBXGroup;
			children = (
				362F005F1E24F823000611E7 /* Raees.app */,
			);
			name = Products;
			sourceTree = "<group>";
		};
		362F00611E24F823000611E7 /* Raees */ = {
			isa = PBXGroup;
			children = (
				362F00621E24F823000611E7 /* AppDelegate.swift */,
				362F00641E24F823000611E7 /* ViewController.swift */,
				362F00661E24F823000611E7 /* Main.storyboard */,
				362F00691E24F823000611E7 /* Assets.xcassets */,
				362F006B1E24F823000611E7 /* LaunchScreen.storyboard */,
				362F006E1E24F823000611E7 /* Info.plist */,
				362F009D1E24FD0F000611E7 /* Header.h */,
			);
			path = Raees;
			sourceTree = "<group>";
		};
		362F00741E24F91F000611E7 /* Frameworks */ = {
			isa = PBXGroup;
			children = (
				362F009B1E24FA1E000611E7 /* libz.tbd */,
				362F00991E24FA12000611E7 /* libc++.tbd */,
				362F00971E24F9F6000611E7 /* UIKit.framework */,
				362F00951E24F9EC000611E7 /* SystemConfiguration.framework */,
				362F00931E24F9E2000611E7 /* Security.framework */,
				362F00911E24F9D6000611E7 /* QuartzCore.framework */,
				362F008F1E24F9CC000611E7 /* OpenGLES.framework */,
				362F008D1E24F9C0000611E7 /* MediaPlayer.framework */,
				362F008B1E24F9B5000611E7 /* Foundation.framework */,
				362F00891E24F9AA000611E7 /* JavaScriptCore.framework */,
				362F00871E24F9A2000611E7 /* CoreVideo.framework */,
				362F00851E24F994000611E7 /* CoreMotion.framework */,
				362F00831E24F981000611E7 /* CoreMedia.framework */,
				362F00811E24F975000611E7 /* CoreLocation.framework */,
				362F007F1E24F96B000611E7 /* CoreGraphics.framework */,
				362F007D1E24F95F000611E7 /* CFNetwork.framework */,
				362F007B1E24F954000611E7 /* AVFoundation.framework */,
				362F00791E24F949000611E7 /* AssetsLibrary.framework */,
				362F00771E24F93E000611E7 /* Accelerate.framework */,
				362F00751E24F920000611E7 /* WikitudeNativeSDK.framework */,
			);
			name = Frameworks;
			sourceTree = "<group>";
		};
/* End PBXGroup section */

/* Begin PBXNativeTarget section */
		362F005E1E24F823000611E7 /* Raees */ = {
			isa = PBXNativeTarget;
			buildConfigurationList = 362F00711E24F823000611E7 /* Build configuration list for PBXNativeTarget "Raees" */;
			buildPhases = (
				362F005B1E24F823000611E7 /* Sources */,
				362F005C1E24F823000611E7 /* Frameworks */,
				362F005D1E24F823000611E7 /* Resources */,
			);
			buildRules = (
			);
			dependencies = (
			);
			name = Raees;
			productName = Raees;
			productReference = 362F005F1E24F823000611E7 /* Raees.app */;
			productType = "com.apple.product-type.application";
		};
/* End PBXNativeTarget section */

/* Begin PBXProject section */
		362F00571E24F823000611E7 /* Project object */ = {
			isa = PBXProject;
			attributes = {
				LastSwiftUpdateCheck = 0820;
				LastUpgradeCheck = 0820;
				ORGANIZATIONNAME = "Syed Askari";
				TargetAttributes = {
					362F005E1E24F823000611E7 = {
						CreatedOnToolsVersion = 8.2.1;
						DevelopmentTeam = SJ49GZ2K5L;
						ProvisioningStyle = Automatic;
					};
				};
			};
			buildConfigurationList = 362F005A1E24F823000611E7 /* Build configuration list for PBXProject "Raees" */;
			compatibilityVersion = "Xcode 3.2";
			developmentRegion = English;
			hasScannedForEncodings = 0;
			knownRegions = (
				en,
				Base,
			);
			mainGroup = 362F00561E24F823000611E7;
			productRefGroup = 362F00601E24F823000611E7 /* Products */;
			projectDirPath = "";
			projectRoot = "";
			targets = (
				362F005E1E24F823000611E7 /* Raees */,
			);
		};
/* End PBXProject section */

/* Begin PBXResourcesBuildPhase section */
		362F005D1E24F823000611E7 /* Resources */ = {
			isa = PBXResourcesBuildPhase;
			buildActionMask = 2147483647;
			files = (
				362F006D1E24F823000611E7 /* LaunchScreen.storyboard in Resources */,
				362F006A1E24F823000611E7 /* Assets.xcassets in Resources */,
				362F00681E24F823000611E7 /* Main.storyboard in Resources */,
			);
			runOnlyForDeploymentPostprocessing = 0;
		};
/* End PBXResourcesBuildPhase section */

/* Begin PBXSourcesBuildPhase section */
		362F005B1E24F823000611E7 /* Sources */ = {
			isa = PBXSourcesBuildPhase;
			buildActionMask = 2147483647;
			files = (
				362F00651E24F823000611E7 /* ViewController.swift in Sources */,
				362F00631E24F823000611E7 /* AppDelegate.swift in Sources */,
			);
			runOnlyForDeploymentPostprocessing = 0;
		};
/* End PBXSourcesBuildPhase section */

/* Begin PBXVariantGroup section */
		362F00661E24F823000611E7 /* Main.storyboard */ = {
			isa = PBXVariantGroup;
			children = (
				362F00671E24F823000611E7 /* Base */,
			);
			name = Main.storyboard;
			sourceTree = "<group>";
		};
		362F006B1E24F823000611E7 /* LaunchScreen.storyboard */ = {
			isa = PBXVariantGroup;
			children = (
				362F006C1E24F823000611E7 /* Base */,
			);
			name = LaunchScreen.storyboard;
			sourceTree = "<group>";
		};
/* End PBXVariantGroup section */

/* Begin XCBuildConfiguration section */
		362F006F1E24F823000611E7 /* Debug */ = {
			isa = XCBuildConfiguration;
			buildSettings = {
				ALWAYS_SEARCH_USER_PATHS = NO;
				CLANG_ANALYZER_NONNULL = YES;
				CLANG_CXX_LANGUAGE_STANDARD = "gnu++0x";
				CLANG_CXX_LIBRARY = "libc++";
				CLANG_ENABLE_MODULES = YES;
				CLANG_ENABLE_OBJC_ARC = YES;
				CLANG_WARN_BOOL_CONVERSION = YES;
				CLANG_WARN_CONSTANT_CONVERSION = YES;
				CLANG_WARN_DIRECT_OBJC_ISA_USAGE = YES_ERROR;
				CLANG_WARN_DOCUMENTATION_COMMENTS = YES;
				CLANG_WARN_EMPTY_BODY = YES;
				CLANG_WARN_ENUM_CONVERSION = YES;
				CLANG_WARN_INFINITE_RECURSION = YES;
				CLANG_WARN_INT_CONVERSION = YES;
				CLANG_WARN_OBJC_ROOT_CLASS = YES_ERROR;
				CLANG_WARN_SUSPICIOUS_MOVE = YES;
				CLANG_WARN_UNREACHABLE_CODE = YES;
				CLANG_WARN__DUPLICATE_METHOD_MATCH = YES;
				"CODE_SIGN_IDENTITY[sdk=iphoneos*]" = "iPhone Developer";
				COPY_PHASE_STRIP = NO;
				DEBUG_INFORMATION_FORMAT = dwarf;
				ENABLE_STRICT_OBJC_MSGSEND = YES;
				ENABLE_TESTABILITY = YES;
				GCC_C_LANGUAGE_STANDARD = gnu99;
				GCC_DYNAMIC_NO_PIC = NO;
				GCC_NO_COMMON_BLOCKS = YES;
				GCC_OPTIMIZATION_LEVEL = 0;
				GCC_PREPROCESSOR_DEFINITIONS = (
					"DEBUG=1",
					"$(inherited)",
				);
				GCC_WARN_64_TO_32_BIT_CONVERSION = YES;
				GCC_WARN_ABOUT_RETURN_TYPE = YES_ERROR;
				GCC_WARN_UNDECLARED_SELECTOR = YES;
				GCC_WARN_UNINITIALIZED_AUTOS = YES_AGGRESSIVE;
				GCC_WARN_UNUSED_FUNCTION = YES;
				GCC_WARN_UNUSED_VARIABLE = YES;
				IPHONEOS_DEPLOYMENT_TARGET = 10.2;
				MTL_ENABLE_DEBUG_INFO = YES;
				ONLY_ACTIVE_ARCH = YES;
				SDKROOT = iphoneos;
				SWIFT_ACTIVE_COMPILATION_CONDITIONS = DEBUG;
				SWIFT_OPTIMIZATION_LEVEL = "-Onone";
				TARGETED_DEVICE_FAMILY = "1,2";
			};
			name = Debug;
		};
		362F00701E24F823000611E7 /* Release */ = {
			isa = XCBuildConfiguration;
			buildSettings = {
				ALWAYS_SEARCH_USER_PATHS = NO;
				CLANG_ANALYZER_NONNULL = YES;
				CLANG_CXX_LANGUAGE_STANDARD = "gnu++0x";
				CLANG_CXX_LIBRARY = "libc++";
				CLANG_ENABLE_MODULES = YES;
				CLANG_ENABLE_OBJC_ARC = YES;
				CLANG_WARN_BOOL_CONVERSION = YES;
				CLANG_WARN_CONSTANT_CONVERSION = YES;
				CLANG_WARN_DIRECT_OBJC_ISA_USAGE = YES_ERROR;
				CLANG_WARN_DOCUMENTATION_COMMENTS = YES;
				CLANG_WARN_EMPTY_BODY = YES;
				CLANG_WARN_ENUM_CONVERSION = YES;
				CLANG_WARN_INFINITE_RECURSION = YES;
				CLANG_WARN_INT_CONVERSION = YES;
				CLANG_WARN_OBJC_ROOT_CLASS = YES_ERROR;
				CLANG_WARN_SUSPICIOUS_MOVE = YES;
				CLANG_WARN_UNREACHABLE_CODE = YES;
				CLANG_WARN__DUPLICATE_METHOD_MATCH = YES;
				"CODE_SIGN_IDENTITY[sdk=iphoneos*]" = "iPhone Developer";
				COPY_PHASE_STRIP = NO;
				DEBUG_INFORMATION_FORMAT = "dwarf-with-dsym";
				ENABLE_NS_ASSERTIONS = NO;
				ENABLE_STRICT_OBJC_MSGSEND = YES;
				GCC_C_LANGUAGE_STANDARD = gnu99;
				GCC_NO_COMMON_BLOCKS = YES;
				GCC_WARN_64_TO_32_BIT_CONVERSION = YES;
				GCC_WARN_ABOUT_RETURN_TYPE = YES_ERROR;
				GCC_WARN_UNDECLARED_SELECTOR = YES;
				GCC_WARN_UNINITIALIZED_AUTOS = YES_AGGRESSIVE;
				GCC_WARN_UNUSED_FUNCTION = YES;
				GCC_WARN_UNUSED_VARIABLE = YES;
				IPHONEOS_DEPLOYMENT_TARGET = 10.2;
				MTL_ENABLE_DEBUG_INFO = NO;
				SDKROOT = iphoneos;
				SWIFT_OPTIMIZATION_LEVEL = "-Owholemodule";
				TARGETED_DEVICE_FAMILY = "1,2";
				VALIDATE_PRODUCT = YES;
			};
			name = Release;
		};
		362F00721E24F823000611E7 /* Debug */ = {
			isa = XCBuildConfiguration;
			buildSettings = {
				ASSETCATALOG_COMPILER_APPICON_NAME = AppIcon;
				DEVELOPMENT_TEAM = SJ49GZ2K5L;
				FRAMEWORK_SEARCH_PATHS = (
					"$(inherited)",
					"$(PROJECT_DIR)/Raees/Framework",
				);
				INFOPLIST_FILE = Raees/Info.plist;
				LD_RUNPATH_SEARCH_PATHS = "$(inherited) @executable_path/Frameworks";
				PRODUCT_BUNDLE_IDENTIFIER = com.sps.Raees;
				PRODUCT_NAME = "$(TARGET_NAME)";
				SWIFT_VERSION = 3.0;
			};
			name = Debug;
		};
		362F00731E24F823000611E7 /* Release */ = {
			isa = XCBuildConfiguration;
			buildSettings = {
				ASSETCATALOG_COMPILER_APPICON_NAME = AppIcon;
				DEVELOPMENT_TEAM = SJ49GZ2K5L;
				FRAMEWORK_SEARCH_PATHS = (
					"$(inherited)",
					"$(PROJECT_DIR)/Raees/Framework",
				);
				INFOPLIST_FILE = Raees/Info.plist;
				LD_RUNPATH_SEARCH_PATHS = "$(inherited) @executable_path/Frameworks";
				PRODUCT_BUNDLE_IDENTIFIER = com.sps.Raees;
				PRODUCT_NAME = "$(TARGET_NAME)";
				SWIFT_VERSION = 3.0;
			};
			name = Release;
		};
/* End XCBuildConfiguration section */

/* Begin XCConfigurationList section */
		362F005A1E24F823000611E7 /* Build configuration list for PBXProject "Raees" */ = {
			isa = XCConfigurationList;
			buildConfigurations = (
				362F006F1E24F823000611E7 /* Debug */,
				362F00701E24F823000611E7 /* Release */,
			);
			defaultConfigurationIsVisible = 0;
			defaultConfigurationName = Release;
		};
		362F00711E24F823000611E7 /* Build configuration list for PBXNativeTarget "Raees" */ = {
			isa = XCConfigurationList;
			buildConfigurations = (
				362F00721E24F823000611E7 /* Debug */,
				362F00731E24F823000611E7 /* Release */,
			);
			defaultConfigurationIsVisible = 0;
			defaultConfigurationName = Release;
		};
/* End XCConfigurationList section */
	};
	rootObject = 362F00571E24F823000611E7 /* Project object */;
}
